{
  "name": "spotr-vue-example",
  "version": "1.0.0",
  "lockfileVersion": 3,
  "requires": true,
  "packages": {
    "": {
      "name": "spotr-vue-example",
      "version": "1.0.0",
      "dependencies": {
        "@codemirror/lang-javascript": "^6.2.4",
        "@fsegurai/codemirror-theme-vscode-dark": "^6.2.4",
        "vue": "^3.5.13",
        "vue-codemirror": "^6.1.1"
      },
      "devDependencies": {
        "@tailwindcss/vite": "^4.1.18",
        "@vitejs/plugin-vue": "^5.2.1",
        "tailwindcss": "^4.0.0",
        "typescript": "^5.9.3",
        "vite": "^6.1.0",
        "vue-tsc": "^3.2.4"
      }
    },
    "node_modules/@babel/helper-string-parser": {
      "version": "7.27.1",
      "license": "MIT",
      "engines": {
        "node": ">=6.9.0"
      }
    },
    "node_modules/@babel/helper-validator-identifier": {
      "version": "7.28.5",
      "license": "MIT",
      "engines": {
        "node": ">=6.9.0"
      }
    },
    "node_modules/@babel/parser": {
      "version": "7.29.0",
      "license": "MIT",
      "dependencies": {
        "@babel/types": "^7.29.0"
      },
      "bin": {
        "parser": "bin/babel-parser.js"
      },
      "engines": {
        "node": ">=6.0.0"
      }
    },
    "node_modules/@babel/types": {
      "version": "7.29.0",
      "license": "MIT",
      "dependencies": {
        "@babel/helper-string-parser": "^7.27.1",
        "@babel/helper-validator-identifier": "^7.28.5"
      },
      "engines": {
        "node": ">=6.9.0"
      }
    },
    "node_modules/@codemirror/autocomplete": {
      "version": "6.20.0",
      "license": "MIT",
      "dependencies": {
        "@codemirror/language": "^6.0.0",
        "@codemirror/state": "^6.0.0",
        "@codemirror/view": "^6.17.0",
        "@lezer/common": "^1.0.0"
      }
    },
    "node_modules/@codemirror/commands": {
      "version": "6.10.2",
      "license": "MIT",
      "dependencies": {
        "@codemirror/language": "^6.0.0",
        "@codemirror/state": "^6.4.0",
        "@codemirror/view": "^6.27.0",
        "@lezer/common": "^1.1.0"
      }
    },
    "node_modules/@codemirror/lang-javascript": {
      "version": "6.2.4",
      "license": "MIT",
      "dependencies": {
        "@codemirror/autocomplete": "^6.0.0",
        "@codemirror/language": "^6.6.0",
        "@codemirror/lint": "^6.0.0",
        "@codemirror/state": "^6.0.0",
        "@codemirror/view": "^6.17.0",
        "@lezer/common": "^1.0.0",
        "@lezer/javascript": "^1.0.0"
      }
    },
    "node_modules/@codemirror/language": {
      "version": "6.12.1",
      "license": "MIT",
      "dependencies": {
        "@codemirror/state": "^6.0.0",
        "@codemirror/view": "^6.23.0",
        "@lezer/common": "^1.5.0",
        "@lezer/highlight": "^1.0.0",
        "@lezer/lr": "^1.0.0",
        "style-mod": "^4.0.0"
      }
    },
    "node_modules/@codemirror/lint": {
      "version": "6.9.4",
      "license": "MIT",
      "dependencies": {
        "@codemirror/state": "^6.0.0",
        "@codemirror/view": "^6.35.0",
        "crelt": "^1.0.5"
      }
    },
    "node_modules/@codemirror/search": {
      "version": "6.6.0",
      "license": "MIT",
      "peer": true,
      "dependencies": {
        "@codemirror/state": "^6.0.0",
        "@codemirror/view": "^6.37.0",
        "crelt": "^1.0.5"
      }
    },
    "node_modules/@codemirror/state": {
      "version": "6.5.4",
      "license": "MIT",
      "dependencies": {
        "@marijn/find-cluster-break": "^1.0.0"
      }
    },
    "node_modules/@codemirror/view": {
      "version": "6.39.14",
      "license": "MIT",
      "dependencies": {
        "@codemirror/state": "^6.5.0",
        "crelt": "^1.0.6",
        "style-mod": "^4.1.0",
        "w3c-keyname": "^2.2.4"
      }
    },
    "node_modules/@esbuild/darwin-arm64": {
      "version": "0.25.12",
      "cpu": [
        "arm64"
      ],
      "dev": true,
      "license": "MIT",
      "optional": true,
      "os": [
        "darwin"
      ],
      "engines": {
        "node": ">=18"
      }
    },
    "node_modules/@fsegurai/codemirror-theme-vscode-dark": {
      "version": "6.2.4",
      "license": "MIT",
      "peerDependencies": {
        "@codemirror/language": "^6.0.0",
        "@codemirror/state": "^6.0.0",
        "@codemirror/view": "^6.0.0",
        "@lezer/highlight": "^1.0.0"
      }
    },
    "node_modules/@jridgewell/gen-mapping": {
      "version": "0.3.13",
      "dev": true,
      "license": "MIT",
      "dependencies": {
        "@jridgewell/sourcemap-codec": "^1.5.0",
        "@jridgewell/trace-mapping": "^0.3.24"
      }
    },
    "node_modules/@jridgewell/remapping": {
      "version": "2.3.5",
      "dev": true,
      "license": "MIT",
      "dependencies": {
        "@jridgewell/gen-mapping": "^0.3.5",
        "@jridgewell/trace-mapping": "^0.3.24"
      }
    },
    "node_modules/@jridgewell/resolve-uri": {
      "version": "3.1.2",
      "dev": true,
      "license": "MIT",
      "engines": {
        "node": ">=6.0.0"
      }
    },
    "node_modules/@jridgewell/sourcemap-codec": {
      "version": "1.5.5",
      "license": "MIT"
    },
    "node_modules/@jridgewell/trace-mapping": {
      "version": "0.3.31",
      "dev": true,
      "license": "MIT",
      "dependencies": {
        "@jridgewell/resolve-uri": "^3.1.0",
        "@jridgewell/sourcemap-codec": "^1.4.14"
      }
    },
    "node_modules/@lezer/common": {
      "version": "1.5.1",
      "license": "MIT"
    },
    "node_modules/@lezer/highlight": {
      "version": "1.2.3",
      "license": "MIT",
      "dependencies": {
        "@lezer/common": "^1.3.0"
      }
    },
    "node_modules/@lezer/javascript": {
      "version": "1.5.4",
      "license": "MIT",
      "dependencies": {
        "@lezer/common": "^1.2.0",
        "@lezer/highlight": "^1.1.3",
        "@lezer/lr": "^1.3.0"
      }
    },
    "node_modules/@lezer/lr": {
      "version": "1.4.8",
      "license": "MIT",
      "dependencies": {
        "@lezer/common": "^1.0.0"
      }
    },
    "node_modules/@marijn/find-cluster-break": {
      "version": "1.0.2",
      "license": "MIT"
    },
    "node_modules/@rollup/rollup-darwin-arm64": {
      "version": "4.57.1",
      "cpu": [
        "arm64"
      ],
      "dev": true,
      "license": "MIT",
      "optional": true,
      "os": [
        "darwin"
      ]
    },
    "node_modules/@tailwindcss/node": {
      "version": "4.1.18",
      "dev": true,
      "license": "MIT",
      "dependencies": {
        "@jridgewell/remapping": "^2.3.4",
        "enhanced-resolve": "^5.18.3",
        "jiti": "^2.6.1",
        "lightningcss": "1.30.2",
        "magic-string": "^0.30.21",
        "source-map-js": "^1.2.1",
        "tailwindcss": "4.1.18"
      }
    },
    "node_modules/@tailwindcss/oxide": {
      "version": "4.1.18",
      "dev": true,
      "license": "MIT",
      "engines": {
        "node": ">= 10"
      },
      "optionalDependencies": {
        "@tailwindcss/oxide-android-arm64": "4.1.18",
        "@tailwindcss/oxide-darwin-arm64": "4.1.18",
        "@tailwindcss/oxide-darwin-x64": "4.1.18",
        "@tailwindcss/oxide-freebsd-x64": "4.1.18",
        "@tailwindcss/oxide-linux-arm-gnueabihf": "4.1.18",
        "@tailwindcss/oxide-linux-arm64-gnu": "4.1.18",
        "@tailwindcss/oxide-linux-arm64-musl": "4.1.18",
        "@tailwindcss/oxide-linux-x64-gnu": "4.1.18",
        "@tailwindcss/oxide-linux-x64-musl": "4.1.18",
        "@tailwindcss/oxide-wasm32-wasi": "4.1.18",
        "@tailwindcss/oxide-win32-arm64-msvc": "4.1.18",
        "@tailwindcss/oxide-win32-x64-msvc": "4.1.18"
      }
    },
    "node_modules/@tailwindcss/oxide-darwin-arm64": {
      "version": "4.1.18",
      "cpu": [
        "arm64"
      ],
      "dev": true,
      "license": "MIT",
      "optional": true,
      "os": [
        "darwin"
      ],
      "engines": {
        "node": ">= 10"
      }
    },
    "node_modules/@tailwindcss/vite": {
      "version": "4.1.18",
      "dev": true,
      "license": "MIT",
      "dependencies": {
        "@tailwindcss/node": "4.1.18",
        "@tailwindcss/oxide": "4.1.18",
        "tailwindcss": "4.1.18"
      },
      "peerDependencies": {
        "vite": "^5.2.0 || ^6 || ^7"
      }
    },
    "node_modules/@types/estree": {
      "version": "1.0.8",
      "dev": true,
      "license": "MIT"
    },
    "node_modules/@vitejs/plugin-vue": {
      "version": "5.2.4",
      "dev": true,
      "license": "MIT",
      "engines": {
        "node": "^18.0.0 || >=20.0.0"
      },
      "peerDependencies": {
        "vite": "^5.0.0 || ^6.0.0",
        "vue": "^3.2.25"
      }
    },
    "node_modules/@volar/language-core": {
      "version": "2.4.27",
      "resolved": "https://registry.npmjs.org/@volar/language-core/-/language-core-2.4.27.tgz",
      "integrity": "sha512-DjmjBWZ4tJKxfNC1F6HyYERNHPYS7L7OPFyCrestykNdUZMFYzI9WTyvwPcaNaHlrEUwESHYsfEw3isInncZxQ==",
      "dev": true,
      "license": "MIT",
      "dependencies": {
        "@volar/source-map": "2.4.27"
      }
    },
    "node_modules/@volar/source-map": {
      "version": "2.4.27",
      "resolved": "https://registry.npmjs.org/@volar/source-map/-/source-map-2.4.27.tgz",
      "integrity": "sha512-ynlcBReMgOZj2i6po+qVswtDUeeBRCTgDurjMGShbm8WYZgJ0PA4RmtebBJ0BCYol1qPv3GQF6jK7C9qoVc7lg==",
      "dev": true,
      "license": "MIT"
    },
    "node_modules/@volar/typescript": {
      "version": "2.4.27",
      "resolved": "https://registry.npmjs.org/@volar/typescript/-/typescript-2.4.27.tgz",
      "integrity": "sha512-eWaYCcl/uAPInSK2Lze6IqVWaBu/itVqR5InXcHXFyles4zO++Mglt3oxdgj75BDcv1Knr9Y93nowS8U3wqhxg==",
      "dev": true,
      "license": "MIT",
      "dependencies": {
        "@volar/language-core": "2.4.27",
        "path-browserify": "^1.0.1",
        "vscode-uri": "^3.0.8"
      }
    },
    "node_modules/@vue/compiler-core": {
      "version": "3.5.28",
      "license": "MIT",
      "dependencies": {
        "@babel/parser": "^7.29.0",
        "@vue/shared": "3.5.28",
        "entities": "^7.0.1",
        "estree-walker": "^2.0.2",
        "source-map-js": "^1.2.1"
      }
    },
    "node_modules/@vue/compiler-dom": {
      "version": "3.5.28",
      "license": "MIT",
      "dependencies": {
        "@vue/compiler-core": "3.5.28",
        "@vue/shared": "3.5.28"
      }
    },
    "node_modules/@vue/compiler-sfc": {
      "version": "3.5.28",
      "license": "MIT",
      "dependencies": {
        "@babel/parser": "^7.29.0",
        "@vue/compiler-core": "3.5.28",
        "@vue/compiler-dom": "3.5.28",
        "@vue/compiler-ssr": "3.5.28",
        "@vue/shared": "3.5.28",
        "estree-walker": "^2.0.2",
        "magic-string": "^0.30.21",
        "postcss": "^8.5.6",
        "source-map-js": "^1.2.1"
      }
    },
    "node_modules/@vue/compiler-ssr": {
      "version": "3.5.28",
      "license": "MIT",
      "dependencies": {
        "@vue/compiler-dom": "3.5.28",
        "@vue/shared": "3.5.28"
      }
    },
    "node_modules/@vue/language-core": {
      "version": "3.2.4",
      "resolved": "https://registry.npmjs.org/@vue/language-core/-/language-core-3.2.4.tgz",
      "integrity": "sha512-bqBGuSG4KZM45KKTXzGtoCl9cWju5jsaBKaJJe3h5hRAAWpZUuj5G+L+eI01sPIkm4H6setKRlw7E85wLdDNew==",
      "dev": true,
      "license": "MIT",
      "dependencies": {
        "@volar/language-core": "2.4.27",
        "@vue/compiler-dom": "^3.5.0",
        "@vue/shared": "^3.5.0",
        "alien-signals": "^3.0.0",
        "muggle-string": "^0.4.1",
        "path-browserify": "^1.0.1",
        "picomatch": "^4.0.2"
      }
    },
    "node_modules/@vue/reactivity": {
      "version": "3.5.28",
      "license": "MIT",
      "dependencies": {
        "@vue/shared": "3.5.28"
      }
    },
    "node_modules/@vue/runtime-core": {
      "version": "3.5.28",
      "license": "MIT",
      "dependencies": {
        "@vue/reactivity": "3.5.28",
        "@vue/shared": "3.5.28"
      }
    },
    "node_modules/@vue/runtime-dom": {
      "version": "3.5.28",
      "license": "MIT",
      "dependencies": {
        "@vue/reactivity": "3.5.28",
        "@vue/runtime-core": "3.5.28",
        "@vue/shared": "3.5.28",
        "csstype": "^3.2.3"
      }
    },
    "node_modules/@vue/server-renderer": {
      "version": "3.5.28",
      "license": "MIT",
      "dependencies": {
        "@vue/compiler-ssr": "3.5.28",
        "@vue/shared": "3.5.28"
      },
      "peerDependencies": {
        "vue": "3.5.28"
      }
    },
    "node_modules/@vue/shared": {
      "version": "3.5.28",
      "license": "MIT"
    },
    "node_modules/alien-signals": {
      "version": "3.1.2",
      "resolved": "https://registry.npmjs.org/alien-signals/-/alien-signals-3.1.2.tgz",
      "integrity": "sha512-d9dYqZTS90WLiU0I5c6DHj/HcKkF8ZyGN3G5x8wSbslulz70KOxaqCT0hQCo9KOyhVqzqGojvNdJXoTumZOtcw==",
      "dev": true,
      "license": "MIT"
    },
    "node_modules/codemirror": {
      "version": "6.0.2",
      "license": "MIT",
      "peer": true,
      "dependencies": {
        "@codemirror/autocomplete": "^6.0.0",
        "@codemirror/commands": "^6.0.0",
        "@codemirror/language": "^6.0.0",
        "@codemirror/lint": "^6.0.0",
        "@codemirror/search": "^6.0.0",
        "@codemirror/state": "^6.0.0",
        "@codemirror/view": "^6.0.0"
      }
    },
    "node_modules/crelt": {
      "version": "1.0.6",
      "license": "MIT"
    },
    "node_modules/csstype": {
      "version": "3.2.3",
      "license": "MIT"
    },
    "node_modules/detect-libc": {
      "version": "2.1.2",
      "dev": true,
      "license": "Apache-2.0",
      "engines": {
        "node": ">=8"
      }
    },
    "node_modules/enhanced-resolve": {
      "version": "5.19.0",
      "dev": true,
      "license": "MIT",
      "dependencies": {
        "graceful-fs": "^4.2.4",
        "tapable": "^2.3.0"
      },
      "engines": {
        "node": ">=10.13.0"
      }
    },
    "node_modules/entities": {
      "version": "7.0.1",
      "license": "BSD-2-Clause",
      "engines": {
        "node": ">=0.12"
      },
      "funding": {
        "url": "https://github.com/fb55/entities?sponsor=1"
      }
    },
    "node_modules/esbuild": {
      "version": "0.25.12",
      "dev": true,
      "hasInstallScript": true,
      "license": "MIT",
      "bin": {
        "esbuild": "bin/esbuild"
      },
      "engines": {
        "node": ">=18"
      },
      "optionalDependencies": {
        "@esbuild/aix-ppc64": "0.25.12",
        "@esbuild/android-arm": "0.25.12",
        "@esbuild/android-arm64": "0.25.12",
        "@esbuild/android-x64": "0.25.12",
        "@esbuild/darwin-arm64": "0.25.12",
        "@esbuild/darwin-x64": "0.25.12",
        "@esbuild/freebsd-arm64": "0.25.12",
        "@esbuild/freebsd-x64": "0.25.12",
        "@esbuild/linux-arm": "0.25.12",
        "@esbuild/linux-arm64": "0.25.12",
        "@esbuild/linux-ia32": "0.25.12",
        "@esbuild/linux-loong64": "0.25.12",
        "@esbuild/linux-mips64el": "0.25.12",
        "@esbuild/linux-ppc64": "0.25.12",
        "@esbuild/linux-riscv64": "0.25.12",
        "@esbuild/linux-s390x": "0.25.12",
        "@esbuild/linux-x64": "0.25.12",
        "@esbuild/netbsd-arm64": "0.25.12",
        "@esbuild/netbsd-x64": "0.25.12",
        "@esbuild/openbsd-arm64": "0.25.12",
        "@esbuild/openbsd-x64": "0.25.12",
        "@esbuild/openharmony-arm64": "0.25.12",
        "@esbuild/sunos-x64": "0.25.12",
        "@esbuild/win32-arm64": "0.25.12",
        "@esbuild/win32-ia32": "0.25.12",
        "@esbuild/win32-x64": "0.25.12"
      }
    },
    "node_modules/estree-walker": {
      "version": "2.0.2",
      "license": "MIT"
    },
    "node_modules/fdir": {
      "version": "6.5.0",
      "dev": true,
      "license": "MIT",
      "engines": {
        "node": ">=12.0.0"
      },
      "peerDependencies": {
        "picomatch": "^3 || ^4"
      },
      "peerDependenciesMeta": {
        "picomatch": {
          "optional": true
        }
      }
    },
    "node_modules/fsevents": {
      "version": "2.3.3",
      "dev": true,
      "license": "MIT",
      "optional": true,
      "os": [
        "darwin"
      ],
      "engines": {
        "node": "^8.16.0 || ^10.6.0 || >=11.0.0"
      }
    },
    "node_modules/graceful-fs": {
      "version": "4.2.11",
      "dev": true,
      "license": "ISC"
    },
    "node_modules/jiti": {
      "version": "2.6.1",
      "dev": true,
      "license": "MIT",
      "bin": {
        "jiti": "lib/jiti-cli.mjs"
      }
    },
    "node_modules/lightningcss": {
      "version": "1.30.2",
      "dev": true,
      "license": "MPL-2.0",
      "dependencies": {
        "detect-libc": "^2.0.3"
      },
      "engines": {
        "node": ">= 12.0.0"
      },
      "funding": {
        "type": "opencollective",
        "url": "https://opencollective.com/parcel"
      },
      "optionalDependencies": {
        "lightningcss-android-arm64": "1.30.2",
        "lightningcss-darwin-arm64": "1.30.2",
        "lightningcss-darwin-x64": "1.30.2",
        "lightningcss-freebsd-x64": "1.30.2",
        "lightningcss-linux-arm-gnueabihf": "1.30.2",
        "lightningcss-linux-arm64-gnu": "1.30.2",
        "lightningcss-linux-arm64-musl": "1.30.2",
        "lightningcss-linux-x64-gnu": "1.30.2",
        "lightningcss-linux-x64-musl": "1.30.2",
        "lightningcss-win32-arm64-msvc": "1.30.2",
        "lightningcss-win32-x64-msvc": "1.30.2"
      }
    },
    "node_modules/lightningcss-darwin-arm64": {
      "version": "1.30.2",
      "cpu": [
        "arm64"
      ],
      "dev": true,
      "license": "MPL-2.0",
      "optional": true,
      "os": [
        "darwin"
      ],
      "engines": {
        "node": ">= 12.0.0"
      },
      "funding": {
        "type": "opencollective",
        "url": "https://opencollective.com/parcel"
      }
    },
    "node_modules/magic-string": {
      "version": "0.30.21",
      "license": "MIT",
      "dependencies": {
        "@jridgewell/sourcemap-codec": "^1.5.5"
      }
    },
    "node_modules/muggle-string": {
      "version": "0.4.1",
      "resolved": "https://registry.npmjs.org/muggle-string/-/muggle-string-0.4.1.tgz",
      "integrity": "sha512-VNTrAak/KhO2i8dqqnqnAHOa3cYBwXEZe9h+D5h/1ZqFSTEFHdM65lR7RoIqq3tBBYavsOXV84NoHXZ0AkPyqQ==",
      "dev": true,
      "license": "MIT"
    },
    "node_modules/nanoid": {
      "version": "3.3.11",
      "funding": [
        {
          "type": "github",
          "url": "https://github.com/sponsors/ai"
        }
      ],
      "license": "MIT",
      "bin": {
        "nanoid": "bin/nanoid.cjs"
      },
      "engines": {
        "node": "^10 || ^12 || ^13.7 || ^14 || >=15.0.1"
      }
    },
    "node_modules/path-browserify": {
      "version": "1.0.1",
      "resolved": "https://registry.npmjs.org/path-browserify/-/path-browserify-1.0.1.tgz",
      "integrity": "sha512-b7uo2UCUOYZcnF/3ID0lulOJi/bafxa1xPe7ZPsammBSpjSWQkjNxlt635YGS2MiR9GjvuXCtz2emr3jbsz98g==",
      "dev": true,
      "license": "MIT"
    },
    "node_modules/picocolors": {
      "version": "1.1.1",
      "license": "ISC"
    },
    "node_modules/picomatch": {
      "version": "4.0.3",
      "dev": true,
      "license": "MIT",
      "engines": {
        "node": ">=12"
      },
      "funding": {
        "url": "https://github.com/sponsors/jonschlinkert"
      }
    },
    "node_modules/postcss": {
      "version": "8.5.6",
      "funding": [
        {
          "type": "opencollective",
          "url": "https://opencollective.com/postcss/"
        },
        {
          "type": "tidelift",
          "url": "https://tidelift.com/funding/github/npm/postcss"
        },
        {
          "type": "github",
          "url": "https://github.com/sponsors/ai"
        }
      ],
      "license": "MIT",
      "dependencies": {
        "nanoid": "^3.3.11",
        "picocolors": "^1.1.1",
        "source-map-js": "^1.2.1"
      },
      "engines": {
        "node": "^10 || ^12 || >=14"
      }
    },
    "node_modules/rollup": {
      "version": "4.57.1",
      "dev": true,
      "license": "MIT",
      "dependencies": {
        "@types/estree": "1.0.8"
      },
      "bin": {
        "rollup": "dist/bin/rollup"
      },
      "engines": {
        "node": ">=18.0.0",
        "npm": ">=8.0.0"
      },
      "optionalDependencies": {
        "@rollup/rollup-android-arm-eabi": "4.57.1",
        "@rollup/rollup-android-arm64": "4.57.1",
        "@rollup/rollup-darwin-arm64": "4.57.1",
        "@rollup/rollup-darwin-x64": "4.57.1",
        "@rollup/rollup-freebsd-arm64": "4.57.1",
        "@rollup/rollup-freebsd-x64": "4.57.1",
        "@rollup/rollup-linux-arm-gnueabihf": "4.57.1",
        "@rollup/rollup-linux-arm-musleabihf": "4.57.1",
        "@rollup/rollup-linux-arm64-gnu": "4.57.1",
        "@rollup/rollup-linux-arm64-musl": "4.57.1",
        "@rollup/rollup-linux-loong64-gnu": "4.57.1",
        "@rollup/rollup-linux-loong64-musl": "4.57.1",
        "@rollup/rollup-linux-ppc64-gnu": "4.57.1",
        "@rollup/rollup-linux-ppc64-musl": "4.57.1",
        "@rollup/rollup-linux-riscv64-gnu": "4.57.1",
        "@rollup/rollup-linux-riscv64-musl": "4.57.1",
        "@rollup/rollup-linux-s390x-gnu": "4.57.1",
        "@rollup/rollup-linux-x64-gnu": "4.57.1",
        "@rollup/rollup-linux-x64-musl": "4.57.1",
        "@rollup/rollup-openbsd-x64": "4.57.1",
        "@rollup/rollup-openharmony-arm64": "4.57.1",
        "@rollup/rollup-win32-arm64-msvc": "4.57.1",
        "@rollup/rollup-win32-ia32-msvc": "4.57.1",
        "@rollup/rollup-win32-x64-gnu": "4.57.1",
        "@rollup/rollup-win32-x64-msvc": "4.57.1",
        "fsevents": "~2.3.2"
      }
    },
    "node_modules/source-map-js": {
      "version": "1.2.1",
      "license": "BSD-3-Clause",
      "engines": {
        "node": ">=0.10.0"
      }
    },
    "node_modules/style-mod": {
      "version": "4.1.3",
      "license": "MIT"
    },
    "node_modules/tailwindcss": {
      "version": "4.1.18",
      "dev": true,
      "license": "MIT"
    },
    "node_modules/tapable": {
      "version": "2.3.0",
      "dev": true,
      "license": "MIT",
      "engines": {
        "node": ">=6"
      },
      "funding": {
        "type": "opencollective",
        "url": "https://opencollective.com/webpack"
      }
    },
    "node_modules/tinyglobby": {
      "version": "0.2.15",
      "dev": true,
      "license": "MIT",
      "dependencies": {
        "fdir": "^6.5.0",
        "picomatch": "^4.0.3"
      },
      "engines": {
        "node": ">=12.0.0"
      },
      "funding": {
        "url": "https://github.com/sponsors/SuperchupuDev"
      }
    },
    "node_modules/typescript": {
      "version": "5.9.3",
      "resolved": "https://registry.npmjs.org/typescript/-/typescript-5.9.3.tgz",
      "integrity": "sha512-jl1vZzPDinLr9eUt3J/t7V6FgNEw9QjvBPdysz9KfQDD41fQrC2Y4vKQdiaUpFT4bXlb1RHhLpp8wtm6M5TgSw==",
      "devOptional": true,
      "license": "Apache-2.0",
      "bin": {
        "tsc": "bin/tsc",
        "tsserver": "bin/tsserver"
      },
      "engines": {
        "node": ">=14.17"
      }
    },
    "node_modules/vite": {
      "version": "6.4.1",
      "dev": true,
      "license": "MIT",
      "dependencies": {
        "esbuild": "^0.25.0",
        "fdir": "^6.4.4",
        "picomatch": "^4.0.2",
        "postcss": "^8.5.3",
        "rollup": "^4.34.9",
        "tinyglobby": "^0.2.13"
      },
      "bin": {
        "vite": "bin/vite.js"
      },
      "engines": {
        "node": "^18.0.0 || ^20.0.0 || >=22.0.0"
      },
      "funding": {
        "url": "https://github.com/vitejs/vite?sponsor=1"
      },
      "optionalDependencies": {
        "fsevents": "~2.3.3"
      },
      "peerDependencies": {
        "@types/node": "^18.0.0 || ^20.0.0 || >=22.0.0",
        "jiti": ">=1.21.0",
        "less": "*",
        "lightningcss": "^1.21.0",
        "sass": "*",
        "sass-embedded": "*",
        "stylus": "*",
        "sugarss": "*",
        "terser": "^5.16.0",
        "tsx": "^4.8.1",
        "yaml": "^2.4.2"
      },
      "peerDependenciesMeta": {
        "@types/node": {
          "optional": true
        },
        "jiti": {
          "optional": true
        },
        "less": {
          "optional": true
        },
        "lightningcss": {
          "optional": true
        },
        "sass": {
          "optional": true
        },
        "sass-embedded": {
          "optional": true
        },
        "stylus": {
          "optional": true
        },
        "sugarss": {
          "optional": true
        },
        "terser": {
          "optional": true
        },
        "tsx": {
          "optional": true
        },
        "yaml": {
          "optional": true
        }
      }
    },
    "node_modules/vscode-uri": {
      "version": "3.1.0",
      "resolved": "https://registry.npmjs.org/vscode-uri/-/vscode-uri-3.1.0.tgz",
      "integrity": "sha512-/BpdSx+yCQGnCvecbyXdxHDkuk55/G3xwnC0GqY4gmQ3j+A+g8kzzgB4Nk/SINjqn6+waqw3EgbVF2QKExkRxQ==",
      "dev": true,
      "license": "MIT"
    },
    "node_modules/vue": {
      "version": "3.5.28",
      "license": "MIT",
      "dependencies": {
        "@vue/compiler-dom": "3.5.28",
        "@vue/compiler-sfc": "3.5.28",
        "@vue/runtime-dom": "3.5.28",
        "@vue/server-renderer": "3.5.28",
        "@vue/shared": "3.5.28"
      },
      "peerDependencies": {
        "typescript": "*"
      },
      "peerDependenciesMeta": {
        "typescript": {
          "optional": true
        }
      }
    },
    "node_modules/vue-codemirror": {
      "version": "6.1.1",
      "license": "MIT",
      "dependencies": {
        "@codemirror/commands": "6.x",
        "@codemirror/language": "6.x",
        "@codemirror/state": "6.x",
        "@codemirror/view": "6.x"
      },
      "peerDependencies": {
        "codemirror": "6.x",
        "vue": "3.x"
      }
    },
    "node_modules/vue-tsc": {
      "version": "3.2.4",
      "resolved": "https://registry.npmjs.org/vue-tsc/-/vue-tsc-3.2.4.tgz",
      "integrity": "sha512-xj3YCvSLNDKt1iF9OcImWHhmYcihVu9p4b9s4PGR/qp6yhW+tZJaypGxHScRyOrdnHvaOeF+YkZOdKwbgGvp5g==",
      "dev": true,
      "license": "MIT",
      "dependencies": {
        "@volar/typescript": "2.4.27",
        "@vue/language-core": "3.2.4"
      },
      "bin": {
        "vue-tsc": "bin/vue-tsc.js"
      },
      "peerDependencies": {
        "typescript": ">=5.0.0"
      }
    },
    "node_modules/w3c-keyname": {
      "version": "2.2.8",
      "license": "MIT"
    }
  }
}
